
Microsoft Visual Studio Solution File, Format Version 12.00
# Visual Studio Version 17
VisualStudioVersion = 17.14.37111.16 d17.14
MinimumVisualStudioVersion = 10.0.40219.1
Project("{FAE04EC0-301F-11D3-BF4B-00C04F79EFBC}") = "pdf.rezak", "pdf.rezak\pdf.rezak.csproj", "{2F1B5051-01EE-4FCA-92D8-F6032955C568}"
EndProject
Global
	GlobalSection(SolutionConfigurationPlatforms) = preSolution
		Debug|Any CPU = Debug|Any CPU
		Release|Any CPU = Release|Any CPU
	EndGlobalSection
	GlobalSection(ProjectConfigurationPlatforms) = postSolution
		{2F1B5051-01EE-4FCA-92D8-F6032955C568}.Debug|Any CPU.ActiveCfg = Debug|Any CPU
		{2F1B5051-01EE-4FCA-92D8-F6032955C568}.Debug|Any CPU.Build.0 = Debug|Any CPU
		{2F1B5051-01EE-4FCA-92D8-F6032955C568}.Release|Any CPU.ActiveCfg = Release|Any CPU
		{2F1B5051-01EE-4FCA-92D8-F6032955C568}.Release|Any CPU.Build.0 = Release|Any CPU
	EndGlobalSection
	GlobalSection(SolutionProperties) = preSolution
		HideSolutionNode = FALSE
	EndGlobalSection
	GlobalSection(ExtensibilityGlobals) = postSolution
		SolutionGuid = {F3F94983-B87B-456D-9824-8684A526A260}
	EndGlobalSection
EndGlobal
